
Microsoft Visual Studio Solution File, Format Version 12.00
# Visual Studio Version 17
VisualStudioVersion = 17.13.35818.85
MinimumVisualStudioVersion = 10.0.40219.1
Project("{FAE04EC0-301F-11D3-BF4B-00C04F79EFBC}") = "The Royal Register", "The Royal Register\The Royal Register.csproj", "{92A74C6B-ECC3-40D2-A5CF-98B44947A229}"
EndProject
Project("{2150E333-8FDC-42A3-9474-1A3956D46DE8}") = "Resources", "Resources", "{8EC462FD-D22E-90A8-E5CE-7E832BA40C5D}"
	ProjectSection(SolutionItems) = preProject
		..\..\..\Downloads\RoyalReg.jpg = ..\..\..\Downloads\RoyalReg.jpg
	EndProjectSection
EndProject
Global
	GlobalSection(SolutionConfigurationPlatforms) = preSolution
		Debug|Any CPU = Debug|Any CPU
		Release|Any CPU = Release|Any CPU
	EndGlobalSection
	GlobalSection(ProjectConfigurationPlatforms) = postSolution
		{92A74C6B-ECC3-40D2-A5CF-98B44947A229}.Debug|Any CPU.ActiveCfg = Debug|Any CPU
		{92A74C6B-ECC3-40D2-A5CF-98B44947A229}.Debug|Any CPU.Build.0 = Debug|Any CPU
		{92A74C6B-ECC3-40D2-A5CF-98B44947A229}.Release|Any CPU.ActiveCfg = Release|Any CPU
		{92A74C6B-ECC3-40D2-A5CF-98B44947A229}.Release|Any CPU.Build.0 = Release|Any CPU
	EndGlobalSection
	GlobalSection(SolutionProperties) = preSolution
		HideSolutionNode = FALSE
	EndGlobalSection
	GlobalSection(ExtensibilityGlobals) = postSolution
		SolutionGuid = {7F0036BF-47AE-4BA1-BB66-8F9BEE0F61BC}
	EndGlobalSection
EndGlobal
